
Microsoft Visual Studio Solution File, Format Version 12.00
# Visual Studio Version 16
VisualStudioVersion = 16.0.29215.179
MinimumVisualStudioVersion = 10.0.40219.1
Project("{FAE04EC0-301F-11D3-BF4B-00C04F79EFBC}") = "bimfabrik", "bimfabrik.csproj", "{86E3BFB0-DD2C-41FA-80AD-72B8FD2CB0A1}"
EndProject
Global
	GlobalSection(SolutionConfigurationPlatforms) = preSolution
		Debug|Any CPU = Debug|Any CPU
		Release|Any CPU = Release|Any CPU
	EndGlobalSection
	GlobalSection(ProjectConfigurationPlatforms) = postSolution
		{86E3BFB0-DD2C-41FA-80AD-72B8FD2CB0A1}.Debug|Any CPU.ActiveCfg = Debug|Any CPU
		{86E3BFB0-DD2C-41FA-80AD-72B8FD2CB0A1}.Debug|Any CPU.Build.0 = Debug|Any CPU
		{86E3BFB0-DD2C-41FA-80AD-72B8FD2CB0A1}.Release|Any CPU.ActiveCfg = Release|Any CPU
		{86E3BFB0-DD2C-41FA-80AD-72B8FD2CB0A1}.Release|Any CPU.Build.0 = Release|Any CPU
	EndGlobalSection
	GlobalSection(SolutionProperties) = preSolution
		HideSolutionNode = FALSE
	EndGlobalSection
	GlobalSection(ExtensibilityGlobals) = postSolution
		SolutionGuid = {8D65C882-93B1-454A-B1DB-5143934A39E0}
	EndGlobalSection
EndGlobal
